
Microsoft Visual Studio Solution File, Format Version 12.00
# Visual Studio Version 16
VisualStudioVersion = 16.0.29509.3
MinimumVisualStudioVersion = 10.0.40219.1
Project("{FAE04EC0-301F-11D3-BF4B-00C04F79EFBC}") = "WeatherApp", "WeatherApp\WeatherApp.csproj", "{8BD781E2-53D6-4AF8-A4B5-7CB7D631C0AE}"
EndProject
Project("{FAE04EC0-301F-11D3-BF4B-00C04F79EFBC}") = "WeatherLibrary", "WeatherLibrary\WeatherLibrary.csproj", "{B2A02482-3C74-4ACD-94B3-26640830FFBD}"
EndProject
Project("{FAE04EC0-301F-11D3-BF4B-00C04F79EFBC}") = "WeatherLibrary.Tests", "WeatherLibrary.Tests\WeatherLibrary.Tests.csproj", "{A549BDE8-5F58-4522-B867-DE56112B0F9A}"
EndProject
Global
	GlobalSection(SolutionConfigurationPlatforms) = preSolution
		Debug|Any CPU = Debug|Any CPU
		Release|Any CPU = Release|Any CPU
	EndGlobalSection
	GlobalSection(ProjectConfigurationPlatforms) = postSolution
		{8BD781E2-53D6-4AF8-A4B5-7CB7D631C0AE}.Debug|Any CPU.ActiveCfg = Debug|Any CPU
		{8BD781E2-53D6-4AF8-A4B5-7CB7D631C0AE}.Debug|Any CPU.Build.0 = Debug|Any CPU
		{8BD781E2-53D6-4AF8-A4B5-7CB7D631C0AE}.Release|Any CPU.ActiveCfg = Release|Any CPU
		{8BD781E2-53D6-4AF8-A4B5-7CB7D631C0AE}.Release|Any CPU.Build.0 = Release|Any CPU
		{B2A02482-3C74-4ACD-94B3-26640830FFBD}.Debug|Any CPU.ActiveCfg = Debug|Any CPU
		{B2A02482-3C74-4ACD-94B3-26640830FFBD}.Debug|Any CPU.Build.0 = Debug|Any CPU
		{B2A02482-3C74-4ACD-94B3-26640830FFBD}.Release|Any CPU.ActiveCfg = Release|Any CPU
		{B2A02482-3C74-4ACD-94B3-26640830FFBD}.Release|Any CPU.Build.0 = Release|Any CPU
		{A549BDE8-5F58-4522-B867-DE56112B0F9A}.Debug|Any CPU.ActiveCfg = Debug|Any CPU
		{A549BDE8-5F58-4522-B867-DE56112B0F9A}.Debug|Any CPU.Build.0 = Debug|Any CPU
		{A549BDE8-5F58-4522-B867-DE56112B0F9A}.Release|Any CPU.ActiveCfg = Release|Any CPU
		{A549BDE8-5F58-4522-B867-DE56112B0F9A}.Release|Any CPU.Build.0 = Release|Any CPU
	EndGlobalSection
	GlobalSection(SolutionProperties) = preSolution
		HideSolutionNode = FALSE
	EndGlobalSection
	GlobalSection(ExtensibilityGlobals) = postSolution
		SolutionGuid = {B8E87DF7-1193-40B4-86A7-7770627E92EA}
	EndGlobalSection
EndGlobal
